
Microsoft Visual Studio Solution File, Format Version 12.00
# Visual Studio 2012
Project("{FAE04EC0-301F-11D3-BF4B-00C04F79EFBC}") = "IrcBot", "IrcBot\IrcBot.csproj", "{E14FE886-8E01-4158-B2FE-8B7D4D0CC05D}"
EndProject
Project("{FAE04EC0-301F-11D3-BF4B-00C04F79EFBC}") = "VoiceOfTwitch", "VoiceOfTwitch\VoiceOfTwitch.csproj", "{1AED6EE9-C681-4643-B91B-0F51BACF3D76}"
EndProject
Global
	GlobalSection(SolutionConfigurationPlatforms) = preSolution
		Debug|Any CPU = Debug|Any CPU
		Release|Any CPU = Release|Any CPU
	EndGlobalSection
	GlobalSection(ProjectConfigurationPlatforms) = postSolution
		{E14FE886-8E01-4158-B2FE-8B7D4D0CC05D}.Debug|Any CPU.ActiveCfg = Debug|Any CPU
		{E14FE886-8E01-4158-B2FE-8B7D4D0CC05D}.Debug|Any CPU.Build.0 = Debug|Any CPU
		{E14FE886-8E01-4158-B2FE-8B7D4D0CC05D}.Release|Any CPU.ActiveCfg = Release|Any CPU
		{E14FE886-8E01-4158-B2FE-8B7D4D0CC05D}.Release|Any CPU.Build.0 = Release|Any CPU
		{1AED6EE9-C681-4643-B91B-0F51BACF3D76}.Debug|Any CPU.ActiveCfg = Debug|Any CPU
		{1AED6EE9-C681-4643-B91B-0F51BACF3D76}.Debug|Any CPU.Build.0 = Debug|Any CPU
		{1AED6EE9-C681-4643-B91B-0F51BACF3D76}.Release|Any CPU.ActiveCfg = Release|Any CPU
		{1AED6EE9-C681-4643-B91B-0F51BACF3D76}.Release|Any CPU.Build.0 = Release|Any CPU
	EndGlobalSection
	GlobalSection(SolutionProperties) = preSolution
		HideSolutionNode = FALSE
	EndGlobalSection
EndGlobal
